PODS:
  - AirShare/AirShare (0.1.0):
    - libsodium
    - PureLayout
  - AirShare/UIKit (0.1.0):
    - AirShare/AirShare
    - libsodium
    - PureLayout
  - libsodium (1.0.12)
  - PureLayout (3.1.9)

DEPENDENCIES:
  - AirShare/UIKit (from `../`)
  - PureLayout

SPEC REPOS:
  https://github.com/CocoaPods/Specs.git:
    - libsodium
    - PureLayout

EXTERNAL SOURCES:
  AirShare:
    :path: "../"

SPEC CHECKSUMS:
  AirShare: 77a0e7f998ea9c9036af826c1e7ca537d0189a29
  libsodium: 9a8faa5ef2fa0d2d57bd7f7d79bf8fb7c1a9f0ea
  PureLayout: 5fb5e5429519627d60d079ccb1eaa7265ce7cf88

PODFILE CHECKSUM: cdac701e459f459ebce54c1a4d6a4ef66c29e28d

COCOAPODS: 1.11.2
